
Microsoft Visual Studio Solution File, Format Version 11.00
# Visual Studio 2010
Project("{8BC9CEB8-8B4A-11D0-8D11-00A0C91BC942}") = "Client", "Client\Client.vcxproj", "{C5EC98C8-A48D-F388-A225-6AF26FF06CF8}"
EndProject
Project("{8BC9CEB8-8B4A-11D0-8D11-00A0C91BC942}") = "Server", "Server\Server.vcxproj", "{C39385B2-7BC9-4916-16E6-C0916D5EB7D4}"
EndProject
Project("{8BC9CEB8-8B4A-11D0-8D11-00A0C91BC942}") = "ServerDat", "ServerDat\ServerDat.vcxproj", "{AAC396D2-8FDD-96DB-945C-0671F416DA13}"
EndProject
Project("{8BC9CEB8-8B4A-11D0-8D11-00A0C91BC942}") = "ShllCodeDec", "ShllCodeDec\ShllCodeDec.vcxproj", "{0EF114DA-42ED-EDF5-1E5D-BE6B902E6B17}"
EndProject
Project("{8BC9CEB8-8B4A-11D0-8D11-00A0C91BC942}") = "ZzhPass", "验证器\ZzhPass.vcxproj", "{B4506844-5B17-12CB-16FB-149CB5CAED4A}"
EndProject
Global
	GlobalSection(SolutionConfigurationPlatforms) = preSolution
		Debug|Win32 = Debug|Win32
		Release|Win32 = Release|Win32
		Template|Win32 = Template|Win32
	EndGlobalSection
	GlobalSection(ProjectConfigurationPlatforms) = postSolution
		{C5EC98C8-A48D-F388-A225-6AF26FF06CF8}.Debug|Win32.ActiveCfg = Debug|Win32
		{C5EC98C8-A48D-F388-A225-6AF26FF06CF8}.Debug|Win32.Build.0 = Debug|Win32
		{C5EC98C8-A48D-F388-A225-6AF26FF06CF8}.Release|Win32.ActiveCfg = Release|Win32
		{C5EC98C8-A48D-F388-A225-6AF26FF06CF8}.Release|Win32.Build.0 = Release|Win32
		{C5EC98C8-A48D-F388-A225-6AF26FF06CF8}.Template|Win32.ActiveCfg = Release|Win32
		{C5EC98C8-A48D-F388-A225-6AF26FF06CF8}.Template|Win32.Build.0 = Release|Win32
		{C39385B2-7BC9-4916-16E6-C0916D5EB7D4}.Debug|Win32.ActiveCfg = Debug|Win32
		{C39385B2-7BC9-4916-16E6-C0916D5EB7D4}.Debug|Win32.Build.0 = Debug|Win32
		{C39385B2-7BC9-4916-16E6-C0916D5EB7D4}.Release|Win32.ActiveCfg = Release|Win32
		{C39385B2-7BC9-4916-16E6-C0916D5EB7D4}.Release|Win32.Build.0 = Release|Win32
		{C39385B2-7BC9-4916-16E6-C0916D5EB7D4}.Template|Win32.ActiveCfg = Template|Win32
		{C39385B2-7BC9-4916-16E6-C0916D5EB7D4}.Template|Win32.Build.0 = Template|Win32
		{AAC396D2-8FDD-96DB-945C-0671F416DA13}.Debug|Win32.ActiveCfg = Debug|Win32
		{AAC396D2-8FDD-96DB-945C-0671F416DA13}.Debug|Win32.Build.0 = Debug|Win32
		{AAC396D2-8FDD-96DB-945C-0671F416DA13}.Release|Win32.ActiveCfg = Release|Win32
		{AAC396D2-8FDD-96DB-945C-0671F416DA13}.Release|Win32.Build.0 = Release|Win32
		{AAC396D2-8FDD-96DB-945C-0671F416DA13}.Template|Win32.ActiveCfg = Template|Win32
		{AAC396D2-8FDD-96DB-945C-0671F416DA13}.Template|Win32.Build.0 = Template|Win32
		{0EF114DA-42ED-EDF5-1E5D-BE6B902E6B17}.Debug|Win32.ActiveCfg = Template|Win32
		{0EF114DA-42ED-EDF5-1E5D-BE6B902E6B17}.Debug|Win32.Build.0 = Template|Win32
		{0EF114DA-42ED-EDF5-1E5D-BE6B902E6B17}.Release|Win32.ActiveCfg = Release|Win32
		{0EF114DA-42ED-EDF5-1E5D-BE6B902E6B17}.Release|Win32.Build.0 = Release|Win32
		{0EF114DA-42ED-EDF5-1E5D-BE6B902E6B17}.Template|Win32.ActiveCfg = Template|Win32
		{0EF114DA-42ED-EDF5-1E5D-BE6B902E6B17}.Template|Win32.Build.0 = Template|Win32
		{B4506844-5B17-12CB-16FB-149CB5CAED4A}.Debug|Win32.ActiveCfg = Template|Win32
		{B4506844-5B17-12CB-16FB-149CB5CAED4A}.Debug|Win32.Build.0 = Template|Win32
		{B4506844-5B17-12CB-16FB-149CB5CAED4A}.Release|Win32.ActiveCfg = Release|Win32
		{B4506844-5B17-12CB-16FB-149CB5CAED4A}.Release|Win32.Build.0 = Release|Win32
		{B4506844-5B17-12CB-16FB-149CB5CAED4A}.Template|Win32.ActiveCfg = Template|Win32
		{B4506844-5B17-12CB-16FB-149CB5CAED4A}.Template|Win32.Build.0 = Template|Win32
	EndGlobalSection
	GlobalSection(SolutionProperties) = preSolution
		HideSolutionNode = FALSE
	EndGlobalSection
EndGlobal
